
Microsoft Visual Studio Solution File, Format Version 12.00
# Visual Studio Version 16
VisualStudioVersion = 16.0.28927.53
MinimumVisualStudioVersion = 10.0.40219.1
Project("{9A19103F-16F7-4668-BE54-9A1E7A4F7556}") = "CursorType", "Input and Commands\CursorType\CursorType.csproj", "{AE9F7AC3-5080-4D3F-8B80-23CF953DE360}"
EndProject
Global
	GlobalSection(SolutionConfigurationPlatforms) = preSolution
		Debug|Any CPU = Debug|Any CPU
		Debug|x64 = Debug|x64
		Debug|x86 = Debug|x86
		Release|Any CPU = Release|Any CPU
		Release|x64 = Release|x64
		Release|x86 = Release|x86
	EndGlobalSection
	GlobalSection(ProjectConfigurationPlatforms) = postSolution
		{AE9F7AC3-5080-4D3F-8B80-23CF953DE360}.Debug|Any CPU.ActiveCfg = Debug|Any CPU
		{AE9F7AC3-5080-4D3F-8B80-23CF953DE360}.Debug|Any CPU.Build.0 = Debug|Any CPU
		{AE9F7AC3-5080-4D3F-8B80-23CF953DE360}.Debug|x64.ActiveCfg = Debug|Any CPU
		{AE9F7AC3-5080-4D3F-8B80-23CF953DE360}.Debug|x64.Build.0 = Debug|Any CPU
		{AE9F7AC3-5080-4D3F-8B80-23CF953DE360}.Debug|x86.ActiveCfg = Debug|Any CPU
		{AE9F7AC3-5080-4D3F-8B80-23CF953DE360}.Debug|x86.Build.0 = Debug|Any CPU
		{AE9F7AC3-5080-4D3F-8B80-23CF953DE360}.Release|Any CPU.ActiveCfg = Release|Any CPU
		{AE9F7AC3-5080-4D3F-8B80-23CF953DE360}.Release|Any CPU.Build.0 = Release|Any CPU
		{AE9F7AC3-5080-4D3F-8B80-23CF953DE360}.Release|x64.ActiveCfg = Release|Any CPU
		{AE9F7AC3-5080-4D3F-8B80-23CF953DE360}.Release|x64.Build.0 = Release|Any CPU
		{AE9F7AC3-5080-4D3F-8B80-23CF953DE360}.Release|x86.ActiveCfg = Release|Any CPU
		{AE9F7AC3-5080-4D3F-8B80-23CF953DE360}.Release|x86.Build.0 = Release|Any CPU
	EndGlobalSection
	GlobalSection(SolutionProperties) = preSolution
		HideSolutionNode = FALSE
	EndGlobalSection
	GlobalSection(ExtensibilityGlobals) = postSolution
		SolutionGuid = {5999CD15-1B95-49B3-AD12-5FDC10B2FBAD}
	EndGlobalSection
EndGlobal
